// !$*UTF8*$!
{
	archiveVersion = 1;
	classes = {
	};
	objectVersion = 46;
	objects = {

/* Begin PBXAggregateTarget section */
		F6329B5E1CF03CBD00D6CFA3 /* GCDependencyInjectioniOS+Simulator */ = {
			isa = PBXAggregateTarget;
			buildConfigurationList = F6329B5F1CF03CBD00D6CFA3 /* Build configuration list for PBXAggregateTarget "GCDependencyInjectioniOS+Simulator" */;
			buildPhases = (
				F6329B621CF03D0200D6CFA3 /* Merge framework binaries */,
			);
			dependencies = (
			);
			name = "GCDependencyInjectioniOS+Simulator";
			productName = GCDependencyInjection;
		};
/* End PBXAggregateTarget section */

/* Begin PBXBuildFile section */
		CAD680065710C3D3CF986635 /* GCDIDefinitionContainerSwiftTests.m in Sources */ = {isa = PBXBuildFile; fileRef = CAD68F8780AAB36E94E5AD43 /* GCDIDefinitionContainerSwiftTests.m */; };
		CAD681586AB6480ACAA2A76A /* GCDIParameterBagProtocol.h in Headers */ = {isa = PBXBuildFile; fileRef = CAD68294DFB7F0E753AA27CF /* GCDIParameterBagProtocol.h */; settings = {ATTRIBUTES = (Public, ); }; };
		CAD68163B011DDFF5B36B075 /* GCDIDefinitionContainer+Swift.h in Headers */ = {isa = PBXBuildFile; fileRef = CAD687FE51DE8AE1C026243B /* GCDIDefinitionContainer+Swift.h */; settings = {ATTRIBUTES = (Private, ); }; };
		CAD681E841D6C94822C5963B /* GCDIMethodCall.h in Headers */ = {isa = PBXBuildFile; fileRef = CAD68E3F4EF35E9E580955AE /* GCDIMethodCall.h */; settings = {ATTRIBUTES = (Public, ); }; };
		CAD681F80E09EF78090E837C /* GCDIParameterBag.m in Sources */ = {isa = PBXBuildFile; fileRef = CAD6849701A38CFD99E38C8D /* GCDIParameterBag.m */; };
		CAD68321D28E38393E4ABDD9 /* GCDIAlias.h in Headers */ = {isa = PBXBuildFile; fileRef = CAD68B218A12982F2FA9EF5B /* GCDIAlias.h */; settings = {ATTRIBUTES = (Public, ); }; };
		CAD68351E86C4501E306F357 /* GCDIReference.h in Headers */ = {isa = PBXBuildFile; fileRef = CAD68426A32F953C5C33E31A /* GCDIReference.h */; settings = {ATTRIBUTES = (Public, ); }; };
		CAD6838A0659677CB51610FC /* GCDIDefinitionContainer+Swift.m in Sources */ = {isa = PBXBuildFile; fileRef = CAD68A03624649241908A652 /* GCDIDefinitionContainer+Swift.m */; };
		CAD684D635FB4840BEC262C2 /* GCDIDefinition.h in Headers */ = {isa = PBXBuildFile; fileRef = CAD68A694AE7F2080CA2443F /* GCDIDefinition.h */; settings = {ATTRIBUTES = (Public, ); }; };
		CAD685FF4DA121F156B85F3C /* GCDIDefinitionContainer+Swift.m in Sources */ = {isa = PBXBuildFile; fileRef = CAD68A03624649241908A652 /* GCDIDefinitionContainer+Swift.m */; };
		CAD6862C76D3F8A73CA47A96 /* GCDIAlternativeSuggesterProtocol.h in Headers */ = {isa = PBXBuildFile; fileRef = CAD686B2A5B448069D6A5437 /* GCDIAlternativeSuggesterProtocol.h */; settings = {ATTRIBUTES = (Public, ); }; };
		CAD6865101FB5F86F203DC4C /* GCDIDefinitionContainer+Yaml.m in Sources */ = {isa = PBXBuildFile; fileRef = CAD68BAC9639333F80F5A647 /* GCDIDefinitionContainer+Yaml.m */; };
		CAD686A620F29A07155A83C5 /* GCDIMethodCall.m in Sources */ = {isa = PBXBuildFile; fileRef = CAD688BAE3C29AC6B35B8356 /* GCDIMethodCall.m */; };
		CAD686B3F171CE8ECDF7E17B /* GCDIDefinition.m in Sources */ = {isa = PBXBuildFile; fileRef = CAD685878852F9FFBA8E9D56 /* GCDIDefinition.m */; };
		CAD6872874FE91853B63A17E /* GCDIParameterBag.h in Headers */ = {isa = PBXBuildFile; fileRef = CAD685132B449F1318D4B043 /* GCDIParameterBag.h */; settings = {ATTRIBUTES = (Public, ); }; };
		CAD68745B371440114E6DE3F /* GCDIDefinitionContainerSwiftTests.m in Sources */ = {isa = PBXBuildFile; fileRef = CAD68F8780AAB36E94E5AD43 /* GCDIDefinitionContainerSwiftTests.m */; };
		CAD6876BB126A9C259486C8E /* GCDIDefinitionContainer.h in Headers */ = {isa = PBXBuildFile; fileRef = CAD68C4536C3B9C227D0F2EE /* GCDIDefinitionContainer.h */; settings = {ATTRIBUTES = (Public, ); }; };
		CAD6884F6095CB57C22DCCB4 /* GCDINSStringReferenceConverter.h in Headers */ = {isa = PBXBuildFile; fileRef = CAD688BD6C9B9DEF6E53219E /* GCDINSStringReferenceConverter.h */; };
		CAD6894073C3C2AF4A15DC02 /* GCDIDefinitionContainer+Yaml.h in Headers */ = {isa = PBXBuildFile; fileRef = CAD6814619AC5DD62B91D24E /* GCDIDefinitionContainer+Yaml.h */; settings = {ATTRIBUTES = (Private, ); }; };
		CAD689867969E15E65E8BFF7 /* GCDIExceptions.m in Sources */ = {isa = PBXBuildFile; fileRef = CAD68A56A1230FE1DA24A523 /* GCDIExceptions.m */; };
		CAD6898CAC3615BC056955B0 /* GCDINSStringReferenceConverter.h in Headers */ = {isa = PBXBuildFile; fileRef = CAD688BD6C9B9DEF6E53219E /* GCDINSStringReferenceConverter.h */; };
		CAD68A3BF0146F5AC476A55D /* GCDIAliasableContainerProtocol.h in Headers */ = {isa = PBXBuildFile; fileRef = CAD68CA2E72E79AF077C31B4 /* GCDIAliasableContainerProtocol.h */; settings = {ATTRIBUTES = (Public, ); }; };
		CAD68A864948B6D78535A47B /* GCDIContainerProtocol.h in Headers */ = {isa = PBXBuildFile; fileRef = CAD68C5CEFEF05E0E6BD968B /* GCDIContainerProtocol.h */; settings = {ATTRIBUTES = (Public, ); }; };
		CAD68ACB1FCEF67E3F5680B3 /* GCDINSStringReferenceConverter.m in Sources */ = {isa = PBXBuildFile; fileRef = CAD6835B904778B3F9C268EC /* GCDINSStringReferenceConverter.m */; };
		CAD68B27F678BD5537F3116A /* GCDIDefinitionContainer+Swift.h in Headers */ = {isa = PBXBuildFile; fileRef = CAD687FE51DE8AE1C026243B /* GCDIDefinitionContainer+Swift.h */; settings = {ATTRIBUTES = (Private, ); }; };
		CAD68B3AD562B7C44531ADAD /* GCDIAlternativeSuggester.m in Sources */ = {isa = PBXBuildFile; fileRef = CAD68DEA9B0A4257B2B30DE3 /* GCDIAlternativeSuggester.m */; };
		CAD68C1BE2E9EA011D5CDE0F /* GCDIDefinitionContainerProtocol.h in Headers */ = {isa = PBXBuildFile; fileRef = CAD68086226A46D281CDB2C9 /* GCDIDefinitionContainerProtocol.h */; settings = {ATTRIBUTES = (Public, ); }; };
		CAD68C5CEF0185CCB3404A8C /* GCDIAlias.m in Sources */ = {isa = PBXBuildFile; fileRef = CAD68009CEF258A4DCFDBD82 /* GCDIAlias.m */; };
		CAD68CF10CB8EDF4942C14F8 /* GCDIAlternativeSuggester.h in Headers */ = {isa = PBXBuildFile; fileRef = CAD6842113F30EEE8EBE9757 /* GCDIAlternativeSuggester.h */; settings = {ATTRIBUTES = (Public, ); }; };
		CAD68D5C178D03426C6C2CCD /* GCDIDefinitionContainer.m in Sources */ = {isa = PBXBuildFile; fileRef = CAD687B14EB0738306C9B61D /* GCDIDefinitionContainer.m */; };
		CAD68D9C8CED8F538C6CEE43 /* GCDIContainer.m in Sources */ = {isa = PBXBuildFile; fileRef = CAD6815B4824F5D1AABD05C4 /* GCDIContainer.m */; };
		CAD68DAC5CF31263AE4C86C2 /* GCDIReference.m in Sources */ = {isa = PBXBuildFile; fileRef = CAD6896C6E58D699026EB77A /* GCDIReference.m */; };
		CAD68DD20377DCCA81DA4747 /* GCDIExceptions.h in Headers */ = {isa = PBXBuildFile; fileRef = CAD68B2F5949349CEEE90604 /* GCDIExceptions.h */; settings = {ATTRIBUTES = (Public, ); }; };
		CAD68DEB816972317332E25A /* GCDIResettableContainerProtocol.h in Headers */ = {isa = PBXBuildFile; fileRef = CAD68FD440CFD650C53FB412 /* GCDIResettableContainerProtocol.h */; settings = {ATTRIBUTES = (Public, ); }; };
		CAD68FA291647177C6DA7F5F /* GCDINSStringReferenceConverter.m in Sources */ = {isa = PBXBuildFile; fileRef = CAD6835B904778B3F9C268EC /* GCDINSStringReferenceConverter.m */; };
		CAD68FCCB56B61518C708CD5 /* GCDIContainer.h in Headers */ = {isa = PBXBuildFile; fileRef = CAD68163C9FB4CE2EC36D144 /* GCDIContainer.h */; settings = {ATTRIBUTES = (Public, ); }; };
		F6329B701CF09A3C00D6CFA3 /* GCDIYamlCompiler in Resources */ = {isa = PBXBuildFile; fileRef = CAD68108AC8889F396575881 /* GCDIYamlCompiler */; };
		F6329B711CF09A6800D6CFA3 /* GCDIYamlCompiler in Resources */ = {isa = PBXBuildFile; fileRef = CAD68108AC8889F396575881 /* GCDIYamlCompiler */; };
		F66978AB1CC40DE500370E80 /* GCDIContainerNSDictionaryLoader.h in Headers */ = {isa = PBXBuildFile; fileRef = CAD687DAD9A648042C977B74 /* GCDIContainerNSDictionaryLoader.h */; settings = {ATTRIBUTES = (Public, ); }; };
		F66978AC1CC40DE500370E80 /* GCDIContainerNSDictionaryLoader.m in Sources */ = {isa = PBXBuildFile; fileRef = CAD684367E8FFCBD523D49B8 /* GCDIContainerNSDictionaryLoader.m */; };
		F689F97D1CAD5F8800F6C8ED /* GCDependencyInjection.h in Headers */ = {isa = PBXBuildFile; fileRef = F689F97C1CAD5F8800F6C8ED /* GCDependencyInjection.h */; settings = {ATTRIBUTES = (Public, ); }; };
		F6CA90161CEBA22B00924094 /* GCDependencyInjection.h in Headers */ = {isa = PBXBuildFile; fileRef = F689F97C1CAD5F8800F6C8ED /* GCDependencyInjection.h */; settings = {ATTRIBUTES = (Public, ); }; };
		F6CA90171CEBA22B00924094 /* GCDIContainerProtocol.h in Headers */ = {isa = PBXBuildFile; fileRef = CAD68C5CEFEF05E0E6BD968B /* GCDIContainerProtocol.h */; settings = {ATTRIBUTES = (Public, ); }; };
		F6CA90181CEBA22B00924094 /* GCDIAliasableContainerProtocol.h in Headers */ = {isa = PBXBuildFile; fileRef = CAD68CA2E72E79AF077C31B4 /* GCDIAliasableContainerProtocol.h */; settings = {ATTRIBUTES = (Public, ); }; };
		F6CA90191CEBA22B00924094 /* GCDIDefinitionContainerProtocol.h in Headers */ = {isa = PBXBuildFile; fileRef = CAD68086226A46D281CDB2C9 /* GCDIDefinitionContainerProtocol.h */; settings = {ATTRIBUTES = (Public, ); }; };
		F6CA901A1CEBA22B00924094 /* GCDIAlias.h in Headers */ = {isa = PBXBuildFile; fileRef = CAD68B218A12982F2FA9EF5B /* GCDIAlias.h */; settings = {ATTRIBUTES = (Public, ); }; };
		F6CA901B1CEBA22B00924094 /* GCDIAlias.m in Sources */ = {isa = PBXBuildFile; fileRef = CAD68009CEF258A4DCFDBD82 /* GCDIAlias.m */; };
		F6CA901C1CEBA22B00924094 /* GCDIDefinition.h in Headers */ = {isa = PBXBuildFile; fileRef = CAD68A694AE7F2080CA2443F /* GCDIDefinition.h */; settings = {ATTRIBUTES = (Public, ); }; };
		F6CA901D1CEBA22B00924094 /* GCDIDefinition.m in Sources */ = {isa = PBXBuildFile; fileRef = CAD685878852F9FFBA8E9D56 /* GCDIDefinition.m */; };
		F6CA901E1CEBA22B00924094 /* GCDIContainer.h in Headers */ = {isa = PBXBuildFile; fileRef = CAD68163C9FB4CE2EC36D144 /* GCDIContainer.h */; settings = {ATTRIBUTES = (Public, ); }; };
		F6CA901F1CEBA22B00924094 /* GCDIContainer.m in Sources */ = {isa = PBXBuildFile; fileRef = CAD6815B4824F5D1AABD05C4 /* GCDIContainer.m */; };
		F6CA90201CEBA22B00924094 /* GCDIResettableContainerProtocol.h in Headers */ = {isa = PBXBuildFile; fileRef = CAD68FD440CFD650C53FB412 /* GCDIResettableContainerProtocol.h */; settings = {ATTRIBUTES = (Public, ); }; };
		F6CA90211CEBA22B00924094 /* GCDIDefinitionContainer.m in Sources */ = {isa = PBXBuildFile; fileRef = CAD687B14EB0738306C9B61D /* GCDIDefinitionContainer.m */; };
		F6CA90221CEBA22B00924094 /* GCDIDefinitionContainer.h in Headers */ = {isa = PBXBuildFile; fileRef = CAD68C4536C3B9C227D0F2EE /* GCDIDefinitionContainer.h */; settings = {ATTRIBUTES = (Public, ); }; };
		F6CA90231CEBA22B00924094 /* GCDIReference.m in Sources */ = {isa = PBXBuildFile; fileRef = CAD6896C6E58D699026EB77A /* GCDIReference.m */; };
		F6CA90241CEBA22B00924094 /* GCDIReference.h in Headers */ = {isa = PBXBuildFile; fileRef = CAD68426A32F953C5C33E31A /* GCDIReference.h */; settings = {ATTRIBUTES = (Public, ); }; };
		F6CA90251CEBA22B00924094 /* GCDIMethodCall.m in Sources */ = {isa = PBXBuildFile; fileRef = CAD688BAE3C29AC6B35B8356 /* GCDIMethodCall.m */; };
		F6CA90261CEBA22B00924094 /* GCDIMethodCall.h in Headers */ = {isa = PBXBuildFile; fileRef = CAD68E3F4EF35E9E580955AE /* GCDIMethodCall.h */; settings = {ATTRIBUTES = (Public, ); }; };
		F6CA90271CEBA23600924094 /* GCDIParameterBag.h in Headers */ = {isa = PBXBuildFile; fileRef = CAD685132B449F1318D4B043 /* GCDIParameterBag.h */; settings = {ATTRIBUTES = (Public, ); }; };
		F6CA90281CEBA23600924094 /* GCDIParameterBag.m in Sources */ = {isa = PBXBuildFile; fileRef = CAD6849701A38CFD99E38C8D /* GCDIParameterBag.m */; };
		F6CA90291CEBA23600924094 /* GCDIParameterBagProtocol.h in Headers */ = {isa = PBXBuildFile; fileRef = CAD68294DFB7F0E753AA27CF /* GCDIParameterBagProtocol.h */; settings = {ATTRIBUTES = (Public, ); }; };
		F6CA902A1CEBA23F00924094 /* GCDIContainerNSDictionaryLoader.h in Headers */ = {isa = PBXBuildFile; fileRef = CAD687DAD9A648042C977B74 /* GCDIContainerNSDictionaryLoader.h */; settings = {ATTRIBUTES = (Public, ); }; };
		F6CA902B1CEBA23F00924094 /* GCDIContainerNSDictionaryLoader.m in Sources */ = {isa = PBXBuildFile; fileRef = CAD684367E8FFCBD523D49B8 /* GCDIContainerNSDictionaryLoader.m */; };
		F6CA902C1CEBA23F00924094 /* GCDIDefinitionContainer+Yaml.m in Sources */ = {isa = PBXBuildFile; fileRef = CAD68BAC9639333F80F5A647 /* GCDIDefinitionContainer+Yaml.m */; };
		F6CA902D1CEBA23F00924094 /* GCDIDefinitionContainer+Yaml.h in Headers */ = {isa = PBXBuildFile; fileRef = CAD6814619AC5DD62B91D24E /* GCDIDefinitionContainer+Yaml.h */; settings = {ATTRIBUTES = (Private, ); }; };
		F6CA902E1CEBA24C00924094 /* GCDIExceptions.h in Headers */ = {isa = PBXBuildFile; fileRef = CAD68B2F5949349CEEE90604 /* GCDIExceptions.h */; settings = {ATTRIBUTES = (Public, ); }; };
		F6CA902F1CEBA24C00924094 /* GCDIExceptions.m in Sources */ = {isa = PBXBuildFile; fileRef = CAD68A56A1230FE1DA24A523 /* GCDIExceptions.m */; };
		F6CA90301CEBA25100924094 /* GCDIAlternativeSuggester.h in Headers */ = {isa = PBXBuildFile; fileRef = CAD6842113F30EEE8EBE9757 /* GCDIAlternativeSuggester.h */; settings = {ATTRIBUTES = (Public, ); }; };
		F6CA90311CEBA25100924094 /* GCDIAlternativeSuggester.m in Sources */ = {isa = PBXBuildFile; fileRef = CAD68DEA9B0A4257B2B30DE3 /* GCDIAlternativeSuggester.m */; };
		F6CA90321CEBA25100924094 /* GCDIAlternativeSuggesterProtocol.h in Headers */ = {isa = PBXBuildFile; fileRef = CAD686B2A5B448069D6A5437 /* GCDIAlternativeSuggesterProtocol.h */; settings = {ATTRIBUTES = (Public, ); }; };
		F6CA904E1CECB73C00924094 /* GCDependencyInjectionTests.m in Sources */ = {isa = PBXBuildFile; fileRef = F689F9881CAD5F8900F6C8ED /* GCDependencyInjectionTests.m */; };
		F6CA904F1CECB73C00924094 /* GCDIExampleService.m in Sources */ = {isa = PBXBuildFile; fileRef = CAD68BE609EDF89384B61BAA /* GCDIExampleService.m */; };
		F6CA90501CECB73C00924094 /* GCDIDependentExampleService.m in Sources */ = {isa = PBXBuildFile; fileRef = CAD682193C37BA40D9F98187 /* GCDIDependentExampleService.m */; };
		F6CA90511CECB73C00924094 /* GCDIContainerNSDictionaryLoaderTests.m in Sources */ = {isa = PBXBuildFile; fileRef = CAD68D55D09D210FBD446080 /* GCDIContainerNSDictionaryLoaderTests.m */; };
		F6CA90521CECB73C00924094 /* GCDIYamlCompilerTests.m in Sources */ = {isa = PBXBuildFile; fileRef = CAD68FEC169BD5574D0AFDB0 /* GCDIYamlCompilerTests.m */; };
		F6CA90531CECB73C00924094 /* GCDIParameterBagTests.m in Sources */ = {isa = PBXBuildFile; fileRef = CAD685C4194210045EB48980 /* GCDIParameterBagTests.m */; };
		F6CA90541CECB73C00924094 /* GCDIContainerTests.m in Sources */ = {isa = PBXBuildFile; fileRef = CAD6834B4225BB79585BCBF6 /* GCDIContainerTests.m */; };
		F6CA90551CECB73C00924094 /* GCDIAlternativeSuggesterTests.m in Sources */ = {isa = PBXBuildFile; fileRef = CAD68151F33FD3DBEEC4FF50 /* GCDIAlternativeSuggesterTests.m */; };
		F6CA90561CECB73C00924094 /* GCDIInjectedExampleService.m in Sources */ = {isa = PBXBuildFile; fileRef = CAD68E32F5E5A6CCD0C00409 /* GCDIInjectedExampleService.m */; };
		F6CA90571CECB73C00924094 /* GCDIYamlExampleContainer.m in Sources */ = {isa = PBXBuildFile; fileRef = CAD688F16213AD0673E1F584 /* GCDIYamlExampleContainer.m */; };
		F6CA90581CECB73C00924094 /* GCDIExampleFactoryService.m in Sources */ = {isa = PBXBuildFile; fileRef = CAD68CEAC61DA290574B47F1 /* GCDIExampleFactoryService.m */; };
		F6CA90631CECB73D00924094 /* GCDependencyInjectionTests.m in Sources */ = {isa = PBXBuildFile; fileRef = F689F9881CAD5F8900F6C8ED /* GCDependencyInjectionTests.m */; };
		F6CA90641CECB73D00924094 /* GCDIExampleService.m in Sources */ = {isa = PBXBuildFile; fileRef = CAD68BE609EDF89384B61BAA /* GCDIExampleService.m */; };
		F6CA90651CECB73D00924094 /* GCDIDependentExampleService.m in Sources */ = {isa = PBXBuildFile; fileRef = CAD682193C37BA40D9F98187 /* GCDIDependentExampleService.m */; };
		F6CA90661CECB73D00924094 /* GCDIContainerNSDictionaryLoaderTests.m in Sources */ = {isa = PBXBuildFile; fileRef = CAD68D55D09D210FBD446080 /* GCDIContainerNSDictionaryLoaderTests.m */; };
		F6CA90671CECB73D00924094 /* GCDIYamlCompilerTests.m in Sources */ = {isa = PBXBuildFile; fileRef = CAD68FEC169BD5574D0AFDB0 /* GCDIYamlCompilerTests.m */; };
		F6CA90681CECB73D00924094 /* GCDIParameterBagTests.m in Sources */ = {isa = PBXBuildFile; fileRef = CAD685C4194210045EB48980 /* GCDIParameterBagTests.m */; };
		F6CA90691CECB73D00924094 /* GCDIContainerTests.m in Sources */ = {isa = PBXBuildFile; fileRef = CAD6834B4225BB79585BCBF6 /* GCDIContainerTests.m */; };
		F6CA906A1CECB73D00924094 /* GCDIAlternativeSuggesterTests.m in Sources */ = {isa = PBXBuildFile; fileRef = CAD68151F33FD3DBEEC4FF50 /* GCDIAlternativeSuggesterTests.m */; };
		F6CA906B1CECB73D00924094 /* GCDIInjectedExampleService.m in Sources */ = {isa = PBXBuildFile; fileRef = CAD68E32F5E5A6CCD0C00409 /* GCDIInjectedExampleService.m */; };
		F6CA906C1CECB73D00924094 /* GCDIYamlExampleContainer.m in Sources */ = {isa = PBXBuildFile; fileRef = CAD688F16213AD0673E1F584 /* GCDIYamlExampleContainer.m */; };
		F6CA906D1CECB73D00924094 /* GCDIExampleFactoryService.m in Sources */ = {isa = PBXBuildFile; fileRef = CAD68CEAC61DA290574B47F1 /* GCDIExampleFactoryService.m */; };
		F6CA90721CECC26800924094 /* GCDIYamlExampleContainer.yml in Sources */ = {isa = PBXBuildFile; fileRef = CAD6810FB605EA6EBA288F24 /* GCDIYamlExampleContainer.yml */; };
		F6DF95AE1CE5ED030008FA16 /* GCDIYamlExampleContainer.yml in Sources */ = {isa = PBXBuildFile; fileRef = CAD6810FB605EA6EBA288F24 /* GCDIYamlExampleContainer.yml */; };
/* End PBXBuildFile section */

/* Begin PBXBuildRule section */
		F6CA906F1CECB7CD00924094 /* PBXBuildRule */ = {
			isa = PBXBuildRule;
			compilerSpec = com.apple.compilers.proxy.script;
			filePatterns = "*.yml";
			fileType = pattern.proxy;
			isEditable = 1;
			outputFiles = (
				"$(DERIVED_FILE_DIR)/$(INPUT_FILE_BASE).m",
			);
			script = "Source/GCDIYamlCompiler\\\n  \"${INPUT_FILE_PATH}\"\\\n  -o \"${DERIVED_FILE_DIR}\"";
		};
		F6DF95AC1CE5E0F10008FA16 /* PBXBuildRule */ = {
			isa = PBXBuildRule;
			compilerSpec = com.apple.compilers.proxy.script;
			filePatterns = "*.yml";
			fileType = pattern.proxy;
			isEditable = 1;
			outputFiles = (
				"$(DERIVED_FILE_DIR)/${INPUT_FILE_BASE}.m",
			);
			script = "Source/GCDIYamlCompiler\\\n  \"${INPUT_FILE_PATH}\"\\\n  -o \"${DERIVED_FILE_DIR}\"";
		};
/* End PBXBuildRule section */

/* Begin PBXContainerItemProxy section */
		F689F9851CAD5F8900F6C8ED /* PBXContainerItemProxy */ = {
			isa = PBXContainerItemProxy;
			containerPortal = F689F9701CAD5F8800F6C8ED /* Project object */;
			proxyType = 1;
			remoteGlobalIDString = F689F9781CAD5F8800F6C8ED;
			remoteInfo = GCDependencyInjection;
		};
		F6CA903D1CECB6CB00924094 /* PBXContainerItemProxy */ = {
			isa = PBXContainerItemProxy;
			containerPortal = F689F9701CAD5F8800F6C8ED /* Project object */;
			proxyType = 1;
			remoteGlobalIDString = F6CA900D1CEBA18700924094;
			remoteInfo = GCDependencyInjectionOSX;
		};
/* End PBXContainerItemProxy section */

/* Begin PBXFileReference section */
		CAD68009CEF258A4DCFDBD82 /* GCDIAlias.m */ = {isa = PBXFileReference; fileEncoding = 4; lastKnownFileType = sourcecode.c.objc; path = GCDIAlias.m; sourceTree = "<group>"; };
		CAD68086226A46D281CDB2C9 /* GCDIDefinitionContainerProtocol.h */ = {isa = PBXFileReference; fileEncoding = 4; lastKnownFileType = sourcecode.c.h; path = GCDIDefinitionContainerProtocol.h; sourceTree = "<group>"; };
		CAD680C67E402A4E1B3C1643 /* GCDIYamlExampleContainer.h */ = {isa = PBXFileReference; fileEncoding = 4; lastKnownFileType = sourcecode.c.h; path = GCDIYamlExampleContainer.h; sourceTree = "<group>"; };
		CAD68108AC8889F396575881 /* GCDIYamlCompiler */ = {isa = PBXFileReference; fileEncoding = 4; lastKnownFileType = text; path = GCDIYamlCompiler; sourceTree = "<group>"; };
		CAD6810FB605EA6EBA288F24 /* GCDIYamlExampleContainer.yml */ = {isa = PBXFileReference; lastKnownFileType = text; path = GCDIYamlExampleContainer.yml; sourceTree = "<group>"; };
		CAD6814619AC5DD62B91D24E /* GCDIDefinitionContainer+Yaml.h */ = {isa = PBXFileReference; fileEncoding = 4; lastKnownFileType = sourcecode.c.h; path = "GCDIDefinitionContainer+Yaml.h"; sourceTree = "<group>"; };
		CAD68151F33FD3DBEEC4FF50 /* GCDIAlternativeSuggesterTests.m */ = {isa = PBXFileReference; fileEncoding = 4; lastKnownFileType = sourcecode.c.objc; path = GCDIAlternativeSuggesterTests.m; sourceTree = "<group>"; };
		CAD6815B4824F5D1AABD05C4 /* GCDIContainer.m */ = {isa = PBXFileReference; fileEncoding = 4; lastKnownFileType = sourcecode.c.objc; path = GCDIContainer.m; sourceTree = "<group>"; };
		CAD68163C9FB4CE2EC36D144 /* GCDIContainer.h */ = {isa = PBXFileReference; fileEncoding = 4; lastKnownFileType = sourcecode.c.h; path = GCDIContainer.h; sourceTree = "<group>"; };
		CAD681D6B8BC16F89FD72EA6 /* GCDIExampleService.h */ = {isa = PBXFileReference; fileEncoding = 4; lastKnownFileType = sourcecode.c.h; path = GCDIExampleService.h; sourceTree = "<group>"; };
		CAD682193C37BA40D9F98187 /* GCDIDependentExampleService.m */ = {isa = PBXFileReference; fileEncoding = 4; lastKnownFileType = sourcecode.c.objc; path = GCDIDependentExampleService.m; sourceTree = "<group>"; };
		CAD68294DFB7F0E753AA27CF /* GCDIParameterBagProtocol.h */ = {isa = PBXFileReference; fileEncoding = 4; lastKnownFileType = sourcecode.c.h; path = GCDIParameterBagProtocol.h; sourceTree = "<group>"; };
		CAD6834B4225BB79585BCBF6 /* GCDIContainerTests.m */ = {isa = PBXFileReference; fileEncoding = 4; lastKnownFileType = sourcecode.c.objc; path = GCDIContainerTests.m; sourceTree = "<group>"; };
		CAD6835B904778B3F9C268EC /* GCDINSStringReferenceConverter.m */ = {isa = PBXFileReference; fileEncoding = 4; lastKnownFileType = sourcecode.c.objc; path = GCDINSStringReferenceConverter.m; sourceTree = "<group>"; };
		CAD6842113F30EEE8EBE9757 /* GCDIAlternativeSuggester.h */ = {isa = PBXFileReference; fileEncoding = 4; lastKnownFileType = sourcecode.c.h; path = GCDIAlternativeSuggester.h; sourceTree = "<group>"; };
		CAD68426A32F953C5C33E31A /* GCDIReference.h */ = {isa = PBXFileReference; fileEncoding = 4; lastKnownFileType = sourcecode.c.h; path = GCDIReference.h; sourceTree = "<group>"; };
		CAD684367E8FFCBD523D49B8 /* GCDIContainerNSDictionaryLoader.m */ = {isa = PBXFileReference; fileEncoding = 4; lastKnownFileType = sourcecode.c.objc; path = GCDIContainerNSDictionaryLoader.m; sourceTree = "<group>"; };
		CAD6849701A38CFD99E38C8D /* GCDIParameterBag.m */ = {isa = PBXFileReference; fileEncoding = 4; lastKnownFileType = sourcecode.c.objc; path = GCDIParameterBag.m; sourceTree = "<group>"; };
		CAD685132B449F1318D4B043 /* GCDIParameterBag.h */ = {isa = PBXFileReference; fileEncoding = 4; lastKnownFileType = sourcecode.c.h; path = GCDIParameterBag.h; sourceTree = "<group>"; };
		CAD685878852F9FFBA8E9D56 /* GCDIDefinition.m */ = {isa = PBXFileReference; fileEncoding = 4; lastKnownFileType = sourcecode.c.objc; path = GCDIDefinition.m; sourceTree = "<group>"; };
		CAD685C4194210045EB48980 /* GCDIParameterBagTests.m */ = {isa = PBXFileReference; fileEncoding = 4; lastKnownFileType = sourcecode.c.objc; path = GCDIParameterBagTests.m; sourceTree = "<group>"; };
		CAD685D0616C2311A26DC0A2 /* GCDIExampleFactoryService.h */ = {isa = PBXFileReference; fileEncoding = 4; lastKnownFileType = sourcecode.c.h; path = GCDIExampleFactoryService.h; sourceTree = "<group>"; };
		CAD686B2A5B448069D6A5437 /* GCDIAlternativeSuggesterProtocol.h */ = {isa = PBXFileReference; fileEncoding = 4; lastKnownFileType = sourcecode.c.h; path = GCDIAlternativeSuggesterProtocol.h; sourceTree = "<group>"; };
		CAD687B14EB0738306C9B61D /* GCDIDefinitionContainer.m */ = {isa = PBXFileReference; fileEncoding = 4; lastKnownFileType = sourcecode.c.objc; path = GCDIDefinitionContainer.m; sourceTree = "<group>"; };
		CAD687DAD9A648042C977B74 /* GCDIContainerNSDictionaryLoader.h */ = {isa = PBXFileReference; fileEncoding = 4; lastKnownFileType = sourcecode.c.h; path = GCDIContainerNSDictionaryLoader.h; sourceTree = "<group>"; };
		CAD687FE51DE8AE1C026243B /* GCDIDefinitionContainer+Swift.h */ = {isa = PBXFileReference; fileEncoding = 4; lastKnownFileType = sourcecode.c.h; path = "GCDIDefinitionContainer+Swift.h"; sourceTree = "<group>"; };
		CAD6884B93949B637DAF8B0E /* README.md */ = {isa = PBXFileReference; fileEncoding = 4; lastKnownFileType = net.daringfireball.markdown; path = README.md; sourceTree = "<group>"; };
		CAD688BAE3C29AC6B35B8356 /* GCDIMethodCall.m */ = {isa = PBXFileReference; fileEncoding = 4; lastKnownFileType = sourcecode.c.objc; path = GCDIMethodCall.m; sourceTree = "<group>"; };
		CAD688BD6C9B9DEF6E53219E /* GCDINSStringReferenceConverter.h */ = {isa = PBXFileReference; fileEncoding = 4; lastKnownFileType = sourcecode.c.h; path = GCDINSStringReferenceConverter.h; sourceTree = "<group>"; };
		CAD688F16213AD0673E1F584 /* GCDIYamlExampleContainer.m */ = {isa = PBXFileReference; fileEncoding = 4; lastKnownFileType = sourcecode.c.objc; path = GCDIYamlExampleContainer.m; sourceTree = "<group>"; };
		CAD6896C6E58D699026EB77A /* GCDIReference.m */ = {isa = PBXFileReference; fileEncoding = 4; lastKnownFileType = sourcecode.c.objc; path = GCDIReference.m; sourceTree = "<group>"; };
		CAD68A03624649241908A652 /* GCDIDefinitionContainer+Swift.m */ = {isa = PBXFileReference; fileEncoding = 4; lastKnownFileType = sourcecode.c.objc; path = "GCDIDefinitionContainer+Swift.m"; sourceTree = "<group>"; };
		CAD68A56A1230FE1DA24A523 /* GCDIExceptions.m */ = {isa = PBXFileReference; fileEncoding = 4; lastKnownFileType = sourcecode.c.objc; path = GCDIExceptions.m; sourceTree = "<group>"; };
		CAD68A694AE7F2080CA2443F /* GCDIDefinition.h */ = {isa = PBXFileReference; fileEncoding = 4; lastKnownFileType = sourcecode.c.h; path = GCDIDefinition.h; sourceTree = "<group>"; };
		CAD68ABD5B31D0D3A6A5D71F /* GCDIInjectedExampleService.h */ = {isa = PBXFileReference; fileEncoding = 4; lastKnownFileType = sourcecode.c.h; path = GCDIInjectedExampleService.h; sourceTree = "<group>"; };
		CAD68B218A12982F2FA9EF5B /* GCDIAlias.h */ = {isa = PBXFileReference; fileEncoding = 4; lastKnownFileType = sourcecode.c.h; path = GCDIAlias.h; sourceTree = "<group>"; };
		CAD68B2F5949349CEEE90604 /* GCDIExceptions.h */ = {isa = PBXFileReference; fileEncoding = 4; lastKnownFileType = sourcecode.c.h; path = GCDIExceptions.h; sourceTree = "<group>"; };
		CAD68BAC9639333F80F5A647 /* GCDIDefinitionContainer+Yaml.m */ = {isa = PBXFileReference; fileEncoding = 4; lastKnownFileType = sourcecode.c.objc; path = "GCDIDefinitionContainer+Yaml.m"; sourceTree = "<group>"; };
		CAD68BE609EDF89384B61BAA /* GCDIExampleService.m */ = {isa = PBXFileReference; fileEncoding = 4; lastKnownFileType = sourcecode.c.objc; path = GCDIExampleService.m; sourceTree = "<group>"; };
		CAD68C4536C3B9C227D0F2EE /* GCDIDefinitionContainer.h */ = {isa = PBXFileReference; fileEncoding = 4; lastKnownFileType = sourcecode.c.h; path = GCDIDefinitionContainer.h; sourceTree = "<group>"; };
		CAD68C5CEFEF05E0E6BD968B /* GCDIContainerProtocol.h */ = {isa = PBXFileReference; fileEncoding = 4; lastKnownFileType = sourcecode.c.h; path = GCDIContainerProtocol.h; sourceTree = "<group>"; };
		CAD68CA2E72E79AF077C31B4 /* GCDIAliasableContainerProtocol.h */ = {isa = PBXFileReference; fileEncoding = 4; lastKnownFileType = sourcecode.c.h; path = GCDIAliasableContainerProtocol.h; sourceTree = "<group>"; };
		CAD68CEAC61DA290574B47F1 /* GCDIExampleFactoryService.m */ = {isa = PBXFileReference; fileEncoding = 4; lastKnownFileType = sourcecode.c.objc; path = GCDIExampleFactoryService.m; sourceTree = "<group>"; };
		CAD68D55D09D210FBD446080 /* GCDIContainerNSDictionaryLoaderTests.m */ = {isa = PBXFileReference; fileEncoding = 4; lastKnownFileType = sourcecode.c.objc; path = GCDIContainerNSDictionaryLoaderTests.m; sourceTree = "<group>"; };
		CAD68DEA9B0A4257B2B30DE3 /* GCDIAlternativeSuggester.m */ = {isa = PBXFileReference; fileEncoding = 4; lastKnownFileType = sourcecode.c.objc; path = GCDIAlternativeSuggester.m; sourceTree = "<group>"; };
		CAD68E32F5E5A6CCD0C00409 /* GCDIInjectedExampleService.m */ = {isa = PBXFileReference; fileEncoding = 4; lastKnownFileType = sourcecode.c.objc; path = GCDIInjectedExampleService.m; sourceTree = "<group>"; };
		CAD68E3F4EF35E9E580955AE /* GCDIMethodCall.h */ = {isa = PBXFileReference; fileEncoding = 4; lastKnownFileType = sourcecode.c.h; path = GCDIMethodCall.h; sourceTree = "<group>"; };
		CAD68F30E744EAD2D8048F77 /* GCDIDependentExampleService.h */ = {isa = PBXFileReference; fileEncoding = 4; lastKnownFileType = sourcecode.c.h; path = GCDIDependentExampleService.h; sourceTree = "<group>"; };
		CAD68F8780AAB36E94E5AD43 /* GCDIDefinitionContainerSwiftTests.m */ = {isa = PBXFileReference; fileEncoding = 4; lastKnownFileType = sourcecode.c.objc; path = GCDIDefinitionContainerSwiftTests.m; sourceTree = "<group>"; };
		CAD68FD440CFD650C53FB412 /* GCDIResettableContainerProtocol.h */ = {isa = PBXFileReference; fileEncoding = 4; lastKnownFileType = sourcecode.c.h; path = GCDIResettableContainerProtocol.h; sourceTree = "<group>"; };
		CAD68FEC169BD5574D0AFDB0 /* GCDIYamlCompilerTests.m */ = {isa = PBXFileReference; fileEncoding = 4; lastKnownFileType = sourcecode.c.objc; path = GCDIYamlCompilerTests.m; sourceTree = "<group>"; };
		F689F9791CAD5F8800F6C8ED /* GCDependencyInjection.framework */ = {isa = PBXFileReference; explicitFileType = wrapper.framework; includeInIndex = 0; path = GCDependencyInjection.framework; sourceTree = BUILT_PRODUCTS_DIR; };
		F689F97C1CAD5F8800F6C8ED /* GCDependencyInjection.h */ = {isa = PBXFileReference; lastKnownFileType = sourcecode.c.h; path = GCDependencyInjection.h; sourceTree = "<group>"; };
		F689F9831CAD5F8900F6C8ED /* GCDependencyInjectioniOSTests.xctest */ = {isa = PBXFileReference; explicitFileType = wrapper.cfbundle; includeInIndex = 0; path = GCDependencyInjectioniOSTests.xctest; sourceTree = BUILT_PRODUCTS_DIR; };
		F689F9881CAD5F8900F6C8ED /* GCDependencyInjectionTests.m */ = {isa = PBXFileReference; lastKnownFileType = sourcecode.c.objc; path = GCDependencyInjectionTests.m; sourceTree = "<group>"; };
		F689F98A1CAD5F8900F6C8ED /* Info.plist */ = {isa = PBXFileReference; lastKnownFileType = text.plist.xml; name = Info.plist; path = ../GCDependencyInjectioniOSTests/Info.plist; sourceTree = "<group>"; };
		F69DF2B41CF652C70056729E /* Info.plist */ = {isa = PBXFileReference; lastKnownFileType = text.plist.xml; path = Info.plist; sourceTree = "<group>"; };
		F6CA900E1CEBA18700924094 /* GCDependencyInjection.framework */ = {isa = PBXFileReference; explicitFileType = wrapper.framework; includeInIndex = 0; path = GCDependencyInjection.framework; sourceTree = BUILT_PRODUCTS_DIR; };
		F6CA90121CEBA18700924094 /* Info.plist */ = {isa = PBXFileReference; lastKnownFileType = text.plist.xml; path = Info.plist; sourceTree = "<group>"; };
		F6CA90371CECB6CB00924094 /* GCDependencyInjectionOSXTests.xctest */ = {isa = PBXFileReference; explicitFileType = wrapper.cfbundle; includeInIndex = 0; path = GCDependencyInjectionOSXTests.xctest; sourceTree = BUILT_PRODUCTS_DIR; };
		F6CA903B1CECB6CB00924094 /* Info.plist */ = {isa = PBXFileReference; lastKnownFileType = text.plist.xml; path = Info.plist; sourceTree = "<group>"; };
/* End PBXFileReference section */

/* Begin PBXFrameworksBuildPhase section */
		F689F9751CAD5F8800F6C8ED /* Frameworks */ = {
			isa = PBXFrameworksBuildPhase;
			buildActionMask = 2147483647;
			files = (
			);
			runOnlyForDeploymentPostprocessing = 0;
		};
		F689F9801CAD5F8900F6C8ED /* Frameworks */ = {
			isa = PBXFrameworksBuildPhase;
			buildActionMask = 2147483647;
			files = (
			);
			runOnlyForDeploymentPostprocessing = 0;
		};
		F6CA900A1CEBA18700924094 /* Frameworks */ = {
			isa = PBXFrameworksBuildPhase;
			buildActionMask = 2147483647;
			files = (
			);
			runOnlyForDeploymentPostprocessing = 0;
		};
		F6CA90341CECB6CB00924094 /* Frameworks */ = {
			isa = PBXFrameworksBuildPhase;
			buildActionMask = 2147483647;
			files = (
			);
			runOnlyForDeploymentPostprocessing = 0;
		};
/* End PBXFrameworksBuildPhase section */

/* Begin PBXGroup section */
		CAD680ADE24D678EB29FF234 /* AlternativeSuggester */ = {
			isa = PBXGroup;
			children = (
				CAD6842113F30EEE8EBE9757 /* GCDIAlternativeSuggester.h */,
				CAD68DEA9B0A4257B2B30DE3 /* GCDIAlternativeSuggester.m */,
				CAD686B2A5B448069D6A5437 /* GCDIAlternativeSuggesterProtocol.h */,
			);
			path = AlternativeSuggester;
			sourceTree = "<group>";
		};
		CAD6823BBB2FD74B245704E6 /* Loader */ = {
			isa = PBXGroup;
			children = (
				CAD687DAD9A648042C977B74 /* GCDIContainerNSDictionaryLoader.h */,
				CAD684367E8FFCBD523D49B8 /* GCDIContainerNSDictionaryLoader.m */,
				CAD68BAC9639333F80F5A647 /* GCDIDefinitionContainer+Yaml.m */,
				CAD6814619AC5DD62B91D24E /* GCDIDefinitionContainer+Yaml.h */,
				CAD6835B904778B3F9C268EC /* GCDINSStringReferenceConverter.m */,
				CAD688BD6C9B9DEF6E53219E /* GCDINSStringReferenceConverter.h */,
			);
			path = Loader;
			sourceTree = "<group>";
		};
		CAD685D37731D0627D7C8B52 /* ParameterBag */ = {
			isa = PBXGroup;
			children = (
				CAD685C4194210045EB48980 /* GCDIParameterBagTests.m */,
			);
			path = ParameterBag;
			sourceTree = "<group>";
		};
		CAD686DB1164F00B82F5E524 /* Exception */ = {
			isa = PBXGroup;
			children = (
				CAD68B2F5949349CEEE90604 /* GCDIExceptions.h */,
				CAD68A56A1230FE1DA24A523 /* GCDIExceptions.m */,
			);
			path = Exception;
			sourceTree = "<group>";
		};
		CAD68C4EEA3D2967701E4CAB /* ParameterBag */ = {
			isa = PBXGroup;
			children = (
				CAD685132B449F1318D4B043 /* GCDIParameterBag.h */,
				CAD6849701A38CFD99E38C8D /* GCDIParameterBag.m */,
				CAD68294DFB7F0E753AA27CF /* GCDIParameterBagProtocol.h */,
			);
			path = ParameterBag;
			sourceTree = "<group>";
		};
		CAD68D5A2EFA925B973AAC55 /* AlternativeSuggester */ = {
			isa = PBXGroup;
			children = (
				CAD68151F33FD3DBEEC4FF50 /* GCDIAlternativeSuggesterTests.m */,
			);
			path = AlternativeSuggester;
			sourceTree = "<group>";
		};
		CAD68EFB50FF0D1039D9D100 /* Loader */ = {
			isa = PBXGroup;
			children = (
				CAD68D55D09D210FBD446080 /* GCDIContainerNSDictionaryLoaderTests.m */,
				CAD68FEC169BD5574D0AFDB0 /* GCDIYamlCompilerTests.m */,
			);
			path = Loader;
			sourceTree = "<group>";
		};
		F647A1A01CF3718100152CFA /* GCDependencyInjectioniOS */ = {
			isa = PBXGroup;
			children = (
				F689F98A1CAD5F8900F6C8ED /* Info.plist */,
			);
			path = GCDependencyInjectioniOS;
			sourceTree = "<group>";
		};
		F689F96F1CAD5F8800F6C8ED = {
			isa = PBXGroup;
			children = (
				F689F97B1CAD5F8800F6C8ED /* Source */,
				F689F9871CAD5F8900F6C8ED /* Tests */,
				F6CA900F1CEBA18700924094 /* GCDependencyInjectionOSX */,
				F6CA90381CECB6CB00924094 /* GCDependencyInjectionOSXTests */,
				F647A1A01CF3718100152CFA /* GCDependencyInjectioniOS */,
				F69DF2B31CF652C70056729E /* GCDependencyInjectioniOSTests */,
				F689F97A1CAD5F8800F6C8ED /* Products */,
				CAD6884B93949B637DAF8B0E /* README.md */,
			);
			sourceTree = "<group>";
		};
		F689F97A1CAD5F8800F6C8ED /* Products */ = {
			isa = PBXGroup;
			children = (
				F689F9791CAD5F8800F6C8ED /* GCDependencyInjection.framework */,
				F689F9831CAD5F8900F6C8ED /* GCDependencyInjectioniOSTests.xctest */,
				F6CA900E1CEBA18700924094 /* GCDependencyInjection.framework */,
				F6CA90371CECB6CB00924094 /* GCDependencyInjectionOSXTests.xctest */,
			);
			name = Products;
			sourceTree = "<group>";
		};
		F689F97B1CAD5F8800F6C8ED /* Source */ = {
			isa = PBXGroup;
			children = (
				CAD680ADE24D678EB29FF234 /* AlternativeSuggester */,
				CAD686DB1164F00B82F5E524 /* Exception */,
				CAD6823BBB2FD74B245704E6 /* Loader */,
				CAD68C4EEA3D2967701E4CAB /* ParameterBag */,
				F689F97C1CAD5F8800F6C8ED /* GCDependencyInjection.h */,
				CAD68C5CEFEF05E0E6BD968B /* GCDIContainerProtocol.h */,
				CAD68CA2E72E79AF077C31B4 /* GCDIAliasableContainerProtocol.h */,
				CAD68086226A46D281CDB2C9 /* GCDIDefinitionContainerProtocol.h */,
				CAD68B218A12982F2FA9EF5B /* GCDIAlias.h */,
				CAD68009CEF258A4DCFDBD82 /* GCDIAlias.m */,
				CAD68A694AE7F2080CA2443F /* GCDIDefinition.h */,
				CAD685878852F9FFBA8E9D56 /* GCDIDefinition.m */,
				CAD68163C9FB4CE2EC36D144 /* GCDIContainer.h */,
				CAD6815B4824F5D1AABD05C4 /* GCDIContainer.m */,
				CAD68FD440CFD650C53FB412 /* GCDIResettableContainerProtocol.h */,
				CAD687B14EB0738306C9B61D /* GCDIDefinitionContainer.m */,
				CAD68C4536C3B9C227D0F2EE /* GCDIDefinitionContainer.h */,
				CAD687FE51DE8AE1C026243B /* GCDIDefinitionContainer+Swift.h */,
				CAD68A03624649241908A652 /* GCDIDefinitionContainer+Swift.m */,
				CAD6896C6E58D699026EB77A /* GCDIReference.m */,
				CAD68426A32F953C5C33E31A /* GCDIReference.h */,
				CAD688BAE3C29AC6B35B8356 /* GCDIMethodCall.m */,
				CAD68E3F4EF35E9E580955AE /* GCDIMethodCall.h */,
				CAD68108AC8889F396575881 /* GCDIYamlCompiler */,
			);
			path = Source;
			sourceTree = "<group>";
		};
		F689F9871CAD5F8900F6C8ED /* Tests */ = {
			isa = PBXGroup;
			children = (
				F689F9881CAD5F8900F6C8ED /* GCDependencyInjectionTests.m */,
				CAD68BE609EDF89384B61BAA /* GCDIExampleService.m */,
				CAD681D6B8BC16F89FD72EA6 /* GCDIExampleService.h */,
				CAD682193C37BA40D9F98187 /* GCDIDependentExampleService.m */,
				CAD68F30E744EAD2D8048F77 /* GCDIDependentExampleService.h */,
				CAD68EFB50FF0D1039D9D100 /* Loader */,
				CAD685D37731D0627D7C8B52 /* ParameterBag */,
				CAD6834B4225BB79585BCBF6 /* GCDIContainerTests.m */,
				CAD68D5A2EFA925B973AAC55 /* AlternativeSuggester */,
				CAD68E32F5E5A6CCD0C00409 /* GCDIInjectedExampleService.m */,
				CAD68ABD5B31D0D3A6A5D71F /* GCDIInjectedExampleService.h */,
				CAD680C67E402A4E1B3C1643 /* GCDIYamlExampleContainer.h */,
				CAD688F16213AD0673E1F584 /* GCDIYamlExampleContainer.m */,
				CAD6810FB605EA6EBA288F24 /* GCDIYamlExampleContainer.yml */,
				CAD68CEAC61DA290574B47F1 /* GCDIExampleFactoryService.m */,
				CAD685D0616C2311A26DC0A2 /* GCDIExampleFactoryService.h */,
				CAD68F8780AAB36E94E5AD43 /* GCDIDefinitionContainerSwiftTests.m */,
			);
			path = Tests;
			sourceTree = "<group>";
		};
		F69DF2B31CF652C70056729E /* GCDependencyInjectioniOSTests */ = {
			isa = PBXGroup;
			children = (
				F69DF2B41CF652C70056729E /* Info.plist */,
			);
			path = GCDependencyInjectioniOSTests;
			sourceTree = "<group>";
		};
		F6CA900F1CEBA18700924094 /* GCDependencyInjectionOSX */ = {
			isa = PBXGroup;
			children = (
				F6CA90121CEBA18700924094 /* Info.plist */,
			);
			path = GCDependencyInjectionOSX;
			sourceTree = SOURCE_ROOT;
		};
		F6CA90381CECB6CB00924094 /* GCDependencyInjectionOSXTests */ = {
			isa = PBXGroup;
			children = (
				F6CA903B1CECB6CB00924094 /* Info.plist */,
			);
			path = GCDependencyInjectionOSXTests;
			sourceTree = "<group>";
		};
/* End PBXGroup section */

/* Begin PBXHeadersBuildPhase section */
		F689F9761CAD5F8800F6C8ED /* Headers */ = {
			isa = PBXHeadersBuildPhase;
			buildActionMask = 2147483647;
			files = (
				F689F97D1CAD5F8800F6C8ED /* GCDependencyInjection.h in Headers */,
				CAD68CF10CB8EDF4942C14F8 /* GCDIAlternativeSuggester.h in Headers */,
				CAD6862C76D3F8A73CA47A96 /* GCDIAlternativeSuggesterProtocol.h in Headers */,
				CAD68C1BE2E9EA011D5CDE0F /* GCDIDefinitionContainerProtocol.h in Headers */,
				CAD68321D28E38393E4ABDD9 /* GCDIAlias.h in Headers */,
				CAD68A864948B6D78535A47B /* GCDIContainerProtocol.h in Headers */,
				CAD684D635FB4840BEC262C2 /* GCDIDefinition.h in Headers */,
				CAD68FCCB56B61518C708CD5 /* GCDIContainer.h in Headers */,
				F66978AB1CC40DE500370E80 /* GCDIContainerNSDictionaryLoader.h in Headers */,
				CAD68DD20377DCCA81DA4747 /* GCDIExceptions.h in Headers */,
				CAD6872874FE91853B63A17E /* GCDIParameterBag.h in Headers */,
				CAD681586AB6480ACAA2A76A /* GCDIParameterBagProtocol.h in Headers */,
				CAD68A3BF0146F5AC476A55D /* GCDIAliasableContainerProtocol.h in Headers */,
				CAD68DEB816972317332E25A /* GCDIResettableContainerProtocol.h in Headers */,
				CAD6876BB126A9C259486C8E /* GCDIDefinitionContainer.h in Headers */,
				CAD68351E86C4501E306F357 /* GCDIReference.h in Headers */,
				CAD681E841D6C94822C5963B /* GCDIMethodCall.h in Headers */,
				CAD6894073C3C2AF4A15DC02 /* GCDIDefinitionContainer+Yaml.h in Headers */,
				CAD68163B011DDFF5B36B075 /* GCDIDefinitionContainer+Swift.h in Headers */,
				CAD6898CAC3615BC056955B0 /* GCDINSStringReferenceConverter.h in Headers */,
			);
			runOnlyForDeploymentPostprocessing = 0;
		};
		F6CA900B1CEBA18700924094 /* Headers */ = {
			isa = PBXHeadersBuildPhase;
			buildActionMask = 2147483647;
			files = (
				F6CA90291CEBA23600924094 /* GCDIParameterBagProtocol.h in Headers */,
				F6CA901A1CEBA22B00924094 /* GCDIAlias.h in Headers */,
				F6CA901C1CEBA22B00924094 /* GCDIDefinition.h in Headers */,
				F6CA90201CEBA22B00924094 /* GCDIResettableContainerProtocol.h in Headers */,
				F6CA902A1CEBA23F00924094 /* GCDIContainerNSDictionaryLoader.h in Headers */,
				F6CA90301CEBA25100924094 /* GCDIAlternativeSuggester.h in Headers */,
				F6CA90221CEBA22B00924094 /* GCDIDefinitionContainer.h in Headers */,
				F6CA90191CEBA22B00924094 /* GCDIDefinitionContainerProtocol.h in Headers */,
				F6CA90161CEBA22B00924094 /* GCDependencyInjection.h in Headers */,
				F6CA90171CEBA22B00924094 /* GCDIContainerProtocol.h in Headers */,
				F6CA90241CEBA22B00924094 /* GCDIReference.h in Headers */,
				F6CA901E1CEBA22B00924094 /* GCDIContainer.h in Headers */,
				F6CA90321CEBA25100924094 /* GCDIAlternativeSuggesterProtocol.h in Headers */,
				F6CA902E1CEBA24C00924094 /* GCDIExceptions.h in Headers */,
				F6CA90271CEBA23600924094 /* GCDIParameterBag.h in Headers */,
				F6CA90181CEBA22B00924094 /* GCDIAliasableContainerProtocol.h in Headers */,
				F6CA90261CEBA22B00924094 /* GCDIMethodCall.h in Headers */,
				F6CA902D1CEBA23F00924094 /* GCDIDefinitionContainer+Yaml.h in Headers */,
				CAD68B27F678BD5537F3116A /* GCDIDefinitionContainer+Swift.h in Headers */,
				CAD6884F6095CB57C22DCCB4 /* GCDINSStringReferenceConverter.h in Headers */,
			);
			runOnlyForDeploymentPostprocessing = 0;
		};
/* End PBXHeadersBuildPhase section */

/* Begin PBXNativeTarget section */
		F689F9781CAD5F8800F6C8ED /* GCDependencyInjectioniOS */ = {
			isa = PBXNativeTarget;
			buildConfigurationList = F689F98D1CAD5F8900F6C8ED /* Build configuration list for PBXNativeTarget "GCDependencyInjectioniOS" */;
			buildPhases = (
				F689F9741CAD5F8800F6C8ED /* Sources */,
				F689F9751CAD5F8800F6C8ED /* Frameworks */,
				F689F9761CAD5F8800F6C8ED /* Headers */,
				F689F9771CAD5F8800F6C8ED /* Resources */,
			);
			buildRules = (
			);
			dependencies = (
			);
			name = GCDependencyInjectioniOS;
			productName = GCDependencyInjection;
			productReference = F689F9791CAD5F8800F6C8ED /* GCDependencyInjection.framework */;
			productType = "com.apple.product-type.framework";
		};
		F689F9821CAD5F8900F6C8ED /* GCDependencyInjectioniOSTests */ = {
			isa = PBXNativeTarget;
			buildConfigurationList = F689F9901CAD5F8900F6C8ED /* Build configuration list for PBXNativeTarget "GCDependencyInjectioniOSTests" */;
			buildPhases = (
				F689F97F1CAD5F8900F6C8ED /* Sources */,
				F689F9801CAD5F8900F6C8ED /* Frameworks */,
				F689F9811CAD5F8900F6C8ED /* Resources */,
			);
			buildRules = (
				F6DF95AC1CE5E0F10008FA16 /* PBXBuildRule */,
			);
			dependencies = (
				F689F9861CAD5F8900F6C8ED /* PBXTargetDependency */,
			);
			name = GCDependencyInjectioniOSTests;
			productName = GCDependencyInjectionTests;
			productReference = F689F9831CAD5F8900F6C8ED /* GCDependencyInjectioniOSTests.xctest */;
			productType = "com.apple.product-type.bundle.unit-test";
		};
		F6CA900D1CEBA18700924094 /* GCDependencyInjectionOSX */ = {
			isa = PBXNativeTarget;
			buildConfigurationList = F6CA90151CEBA18700924094 /* Build configuration list for PBXNativeTarget "GCDependencyInjectionOSX" */;
			buildPhases = (
				F6CA90091CEBA18700924094 /* Sources */,
				F6CA900A1CEBA18700924094 /* Frameworks */,
				F6CA900B1CEBA18700924094 /* Headers */,
				F6CA900C1CEBA18700924094 /* Resources */,
			);
			buildRules = (
			);
			dependencies = (
			);
			name = GCDependencyInjectionOSX;
			productName = GCDependencyInjectionOSX;
			productReference = F6CA900E1CEBA18700924094 /* GCDependencyInjection.framework */;
			productType = "com.apple.product-type.framework";
		};
		F6CA90361CECB6CB00924094 /* GCDependencyInjectionOSXTests */ = {
			isa = PBXNativeTarget;
			buildConfigurationList = F6CA90411CECB6CB00924094 /* Build configuration list for PBXNativeTarget "GCDependencyInjectionOSXTests" */;
			buildPhases = (
				F6CA90331CECB6CB00924094 /* Sources */,
				F6CA90341CECB6CB00924094 /* Frameworks */,
				F6CA90351CECB6CB00924094 /* Resources */,
			);
			buildRules = (
				F6CA906F1CECB7CD00924094 /* PBXBuildRule */,
			);
			dependencies = (
				F6CA903E1CECB6CB00924094 /* PBXTargetDependency */,
			);
			name = GCDependencyInjectionOSXTests;
			productName = GCDependencyInjectionOSXTests;
			productReference = F6CA90371CECB6CB00924094 /* GCDependencyInjectionOSXTests.xctest */;
			productType = "com.apple.product-type.bundle.unit-test";
		};
/* End PBXNativeTarget section */

/* Begin PBXProject section */
		F689F9701CAD5F8800F6C8ED /* Project object */ = {
			isa = PBXProject;
			attributes = {
				CLASSPREFIX = GCDI;
				LastUpgradeCheck = 0730;
				ORGANIZATIONNAME = "GroovyCarrot Ltd";
				TargetAttributes = {
					F6329B5E1CF03CBD00D6CFA3 = {
						CreatedOnToolsVersion = 7.3.1;
					};
					F689F9781CAD5F8800F6C8ED = {
						CreatedOnToolsVersion = 7.3;
						DevelopmentTeam = 5E9ZEMQJ2D;
					};
					F689F9821CAD5F8900F6C8ED = {
						CreatedOnToolsVersion = 7.3;
						DevelopmentTeam = 5E9ZEMQJ2D;
					};
					F6CA900D1CEBA18700924094 = {
						CreatedOnToolsVersion = 7.3.1;
					};
					F6CA90361CECB6CB00924094 = {
						CreatedOnToolsVersion = 7.3.1;
					};
				};
			};
			buildConfigurationList = F689F9731CAD5F8800F6C8ED /* Build configuration list for PBXProject "GCDependencyInjection" */;
			compatibilityVersion = "Xcode 3.2";
			developmentRegion = English;
			hasScannedForEncodings = 0;
			knownRegions = (
				en,
			);
			mainGroup = F689F96F1CAD5F8800F6C8ED;
			productRefGroup = F689F97A1CAD5F8800F6C8ED /* Products */;
			projectDirPath = "";
			projectRoot = "";
			targets = (
				F689F9781CAD5F8800F6C8ED /* GCDependencyInjectioniOS */,
				F6CA900D1CEBA18700924094 /* GCDependencyInjectionOSX */,
				F689F9821CAD5F8900F6C8ED /* GCDependencyInjectioniOSTests */,
				F6CA90361CECB6CB00924094 /* GCDependencyInjectionOSXTests */,
				F6329B5E1CF03CBD00D6CFA3 /* GCDependencyInjectioniOS+Simulator */,
			);
		};
/* End PBXProject section */

/* Begin PBXResourcesBuildPhase section */
		F689F9771CAD5F8800F6C8ED /* Resources */ = {
			isa = PBXResourcesBuildPhase;
			buildActionMask = 2147483647;
			files = (
				F6329B701CF09A3C00D6CFA3 /* GCDIYamlCompiler in Resources */,
			);
			runOnlyForDeploymentPostprocessing = 0;
		};
		F689F9811CAD5F8900F6C8ED /* Resources */ = {
			isa = PBXResourcesBuildPhase;
			buildActionMask = 2147483647;
			files = (
			);
			runOnlyForDeploymentPostprocessing = 0;
		};
		F6CA900C1CEBA18700924094 /* Resources */ = {
			isa = PBXResourcesBuildPhase;
			buildActionMask = 2147483647;
			files = (
				F6329B711CF09A6800D6CFA3 /* GCDIYamlCompiler in Resources */,
			);
			runOnlyForDeploymentPostprocessing = 0;
		};
		F6CA90351CECB6CB00924094 /* Resources */ = {
			isa = PBXResourcesBuildPhase;
			buildActionMask = 2147483647;
			files = (
			);
			runOnlyForDeploymentPostprocessing = 0;
		};
/* End PBXResourcesBuildPhase section */

/* Begin PBXShellScriptBuildPhase section */
		F6329B621CF03D0200D6CFA3 /* Merge framework binaries */ = {
			isa = PBXShellScriptBuildPhase;
			buildActionMask = 2147483647;
			files = (
			);
			inputPaths = (
			);
			name = "Merge framework binaries";
			outputPaths = (
			);
			runOnlyForDeploymentPostprocessing = 0;
			shellPath = /bin/sh;
			shellScript = "if [ -e \"${SYMROOT}/Release-iphoneos+simulator\" ]; then\n  rm -r \"${SYMROOT}/Release-iphoneos+simulator\"\nfi\n\nmkdir \"${SYMROOT}/Release-iphoneos+simulator\"\n\nset -e\n\nxcodebuild -target \"${PROJECT_NAME}iOS\" ONLY_ACTIVE_ARCH=NO -configuration ${CONFIGURATION} -sdk iphoneos  BUILD_DIR=\"${BUILD_DIR}\" BUILD_ROOT=\"${BUILD_ROOT}\" clean build\nxcodebuild -target \"${PROJECT_NAME}iOS\" -configuration ${CONFIGURATION} -sdk iphonesimulator ONLY_ACTIVE_ARCH=NO BUILD_DIR=\"${BUILD_DIR}\" BUILD_ROOT=\"${BUILD_ROOT}\" clean build\n\ncp -r \"${SYMROOT}/Release-iphoneos/${PROJECT_NAME}.framework\" \"${SYMROOT}/Release-iphoneos+simulator/${PROJECT_NAME}.framework\"\n\nlipo -create -output \"${SYMROOT}/Release-iphoneos+simulator/${PROJECT_NAME}.framework/${PROJECT_NAME}\" \"${SYMROOT}/Release-iphoneos/${PROJECT_NAME}.framework/${PROJECT_NAME}\" \"${SYMROOT}/Release-iphonesimulator/${PROJECT_NAME}.framework/${PROJECT_NAME}\"\n";
		};
/* End PBXShellScriptBuildPhase section */

/* Begin PBXSourcesBuildPhase section */
		F689F9741CAD5F8800F6C8ED /* Sources */ = {
			isa = PBXSourcesBuildPhase;
			buildActionMask = 2147483647;
			files = (
				F66978AC1CC40DE500370E80 /* GCDIContainerNSDictionaryLoader.m in Sources */,
				CAD68B3AD562B7C44531ADAD /* GCDIAlternativeSuggester.m in Sources */,
				CAD686B3F171CE8ECDF7E17B /* GCDIDefinition.m in Sources */,
				CAD68D9C8CED8F538C6CEE43 /* GCDIContainer.m in Sources */,
				CAD689867969E15E65E8BFF7 /* GCDIExceptions.m in Sources */,
				CAD681F80E09EF78090E837C /* GCDIParameterBag.m in Sources */,
				CAD68C5CEF0185CCB3404A8C /* GCDIAlias.m in Sources */,
				CAD68D5C178D03426C6C2CCD /* GCDIDefinitionContainer.m in Sources */,
				CAD68DAC5CF31263AE4C86C2 /* GCDIReference.m in Sources */,
				CAD686A620F29A07155A83C5 /* GCDIMethodCall.m in Sources */,
				CAD6865101FB5F86F203DC4C /* GCDIDefinitionContainer+Yaml.m in Sources */,
				CAD68FA291647177C6DA7F5F /* GCDINSStringReferenceConverter.m in Sources */,
				CAD6838A0659677CB51610FC /* GCDIDefinitionContainer+Swift.m in Sources */,
			);
			runOnlyForDeploymentPostprocessing = 0;
		};
		F689F97F1CAD5F8900F6C8ED /* Sources */ = {
			isa = PBXSourcesBuildPhase;
			buildActionMask = 2147483647;
			files = (
				F6CA90521CECB73C00924094 /* GCDIYamlCompilerTests.m in Sources */,
				F6CA904F1CECB73C00924094 /* GCDIExampleService.m in Sources */,
				F6CA90531CECB73C00924094 /* GCDIParameterBagTests.m in Sources */,
				F6CA90571CECB73C00924094 /* GCDIYamlExampleContainer.m in Sources */,
				F6CA904E1CECB73C00924094 /* GCDependencyInjectionTests.m in Sources */,
				F6CA90541CECB73C00924094 /* GCDIContainerTests.m in Sources */,
				F6DF95AE1CE5ED030008FA16 /* GCDIYamlExampleContainer.yml in Sources */,
				F6CA90551CECB73C00924094 /* GCDIAlternativeSuggesterTests.m in Sources */,
				F6CA90561CECB73C00924094 /* GCDIInjectedExampleService.m in Sources */,
				F6CA90501CECB73C00924094 /* GCDIDependentExampleService.m in Sources */,
				F6CA90581CECB73C00924094 /* GCDIExampleFactoryService.m in Sources */,
				F6CA90511CECB73C00924094 /* GCDIContainerNSDictionaryLoaderTests.m in Sources */,
				CAD680065710C3D3CF986635 /* GCDIDefinitionContainerSwiftTests.m in Sources */,
			);
			runOnlyForDeploymentPostprocessing = 0;
		};
		F6CA90091CEBA18700924094 /* Sources */ = {
			isa = PBXSourcesBuildPhase;
			buildActionMask = 2147483647;
			files = (
				F6CA901F1CEBA22B00924094 /* GCDIContainer.m in Sources */,
				F6CA901B1CEBA22B00924094 /* GCDIAlias.m in Sources */,
				F6CA901D1CEBA22B00924094 /* GCDIDefinition.m in Sources */,
				F6CA90251CEBA22B00924094 /* GCDIMethodCall.m in Sources */,
				F6CA902F1CEBA24C00924094 /* GCDIExceptions.m in Sources */,
				F6CA902B1CEBA23F00924094 /* GCDIContainerNSDictionaryLoader.m in Sources */,
				F6CA90211CEBA22B00924094 /* GCDIDefinitionContainer.m in Sources */,
				F6CA90311CEBA25100924094 /* GCDIAlternativeSuggester.m in Sources */,
				F6CA90281CEBA23600924094 /* GCDIParameterBag.m in Sources */,
				F6CA90231CEBA22B00924094 /* GCDIReference.m in Sources */,
				F6CA902C1CEBA23F00924094 /* GCDIDefinitionContainer+Yaml.m in Sources */,
				CAD68ACB1FCEF67E3F5680B3 /* GCDINSStringReferenceConverter.m in Sources */,
				CAD685FF4DA121F156B85F3C /* GCDIDefinitionContainer+Swift.m in Sources */,
			);
			runOnlyForDeploymentPostprocessing = 0;
		};
		F6CA90331CECB6CB00924094 /* Sources */ = {
			isa = PBXSourcesBuildPhase;
			buildActionMask = 2147483647;
			files = (
				F6CA90721CECC26800924094 /* GCDIYamlExampleContainer.yml in Sources */,
				F6CA90671CECB73D00924094 /* GCDIYamlCompilerTests.m in Sources */,
				F6CA90641CECB73D00924094 /* GCDIExampleService.m in Sources */,
				F6CA90681CECB73D00924094 /* GCDIParameterBagTests.m in Sources */,
				F6CA906C1CECB73D00924094 /* GCDIYamlExampleContainer.m in Sources */,
				F6CA90631CECB73D00924094 /* GCDependencyInjectionTests.m in Sources */,
				F6CA90691CECB73D00924094 /* GCDIContainerTests.m in Sources */,
				F6CA906A1CECB73D00924094 /* GCDIAlternativeSuggesterTests.m in Sources */,
				F6CA906B1CECB73D00924094 /* GCDIInjectedExampleService.m in Sources */,
				F6CA90651CECB73D00924094 /* GCDIDependentExampleService.m in Sources */,
				F6CA906D1CECB73D00924094 /* GCDIExampleFactoryService.m in Sources */,
				F6CA90661CECB73D00924094 /* GCDIContainerNSDictionaryLoaderTests.m in Sources */,
				CAD68745B371440114E6DE3F /* GCDIDefinitionContainerSwiftTests.m in Sources */,
			);
			runOnlyForDeploymentPostprocessing = 0;
		};
/* End PBXSourcesBuildPhase section */

/* Begin PBXTargetDependency section */
		F689F9861CAD5F8900F6C8ED /* PBXTargetDependency */ = {
			isa = PBXTargetDependency;
			target = F689F9781CAD5F8800F6C8ED /* GCDependencyInjectioniOS */;
			targetProxy = F689F9851CAD5F8900F6C8ED /* PBXContainerItemProxy */;
		};
		F6CA903E1CECB6CB00924094 /* PBXTargetDependency */ = {
			isa = PBXTargetDependency;
			target = F6CA900D1CEBA18700924094 /* GCDependencyInjectionOSX */;
			targetProxy = F6CA903D1CECB6CB00924094 /* PBXContainerItemProxy */;
		};
/* End PBXTargetDependency section */

/* Begin XCBuildConfiguration section */
		F6329B601CF03CBD00D6CFA3 /* Debug */ = {
			isa = XCBuildConfiguration;
			buildSettings = {
				PRODUCT_NAME = "$(TARGET_NAME)";
			};
			name = Debug;
		};
		F6329B611CF03CBD00D6CFA3 /* Release */ = {
			isa = XCBuildConfiguration;
			buildSettings = {
				PRODUCT_NAME = "$(TARGET_NAME)";
			};
			name = Release;
		};
		F689F98B1CAD5F8900F6C8ED /* Debug */ = {
			isa = XCBuildConfiguration;
			buildSettings = {
				ALWAYS_SEARCH_USER_PATHS = NO;
				CLANG_ANALYZER_NONNULL = YES;
				CLANG_CXX_LANGUAGE_STANDARD = "gnu++0x";
				CLANG_CXX_LIBRARY = "libc++";
				CLANG_ENABLE_MODULES = YES;
				CLANG_ENABLE_OBJC_ARC = YES;
				CLANG_WARN_BOOL_CONVERSION = YES;
				CLANG_WARN_CONSTANT_CONVERSION = YES;
				CLANG_WARN_DIRECT_OBJC_ISA_USAGE = YES_ERROR;
				CLANG_WARN_EMPTY_BODY = YES;
				CLANG_WARN_ENUM_CONVERSION = YES;
				CLANG_WARN_INT_CONVERSION = YES;
				CLANG_WARN_OBJC_ROOT_CLASS = YES_ERROR;
				CLANG_WARN_UNREACHABLE_CODE = YES;
				CLANG_WARN__DUPLICATE_METHOD_MATCH = YES;
				"CODE_SIGN_IDENTITY[sdk=iphoneos*]" = "iPhone Developer";
				COPY_PHASE_STRIP = NO;
				CURRENT_PROJECT_VERSION = 1;
				DEBUG_INFORMATION_FORMAT = dwarf;
				ENABLE_STRICT_OBJC_MSGSEND = YES;
				ENABLE_TESTABILITY = YES;
				GCC_C_LANGUAGE_STANDARD = gnu99;
				GCC_DYNAMIC_NO_PIC = NO;
				GCC_NO_COMMON_BLOCKS = YES;
				GCC_OPTIMIZATION_LEVEL = 0;
				GCC_PREPROCESSOR_DEFINITIONS = (
					"DEBUG=1",
					"$(inherited)",
				);
				GCC_WARN_64_TO_32_BIT_CONVERSION = YES;
				GCC_WARN_ABOUT_RETURN_TYPE = YES_ERROR;
				GCC_WARN_UNDECLARED_SELECTOR = YES;
				GCC_WARN_UNINITIALIZED_AUTOS = YES_AGGRESSIVE;
				GCC_WARN_UNUSED_FUNCTION = YES;
				GCC_WARN_UNUSED_VARIABLE = YES;
				IPHONEOS_DEPLOYMENT_TARGET = 9.3;
				MTL_ENABLE_DEBUG_INFO = YES;
				ONLY_ACTIVE_ARCH = YES;
				SDKROOT = macosx;
				TARGETED_DEVICE_FAMILY = "1,2";
				VERSIONING_SYSTEM = "apple-generic";
				VERSION_INFO_PREFIX = "";
			};
			name = Debug;
		};
		F689F98C1CAD5F8900F6C8ED /* Release */ = {
			isa = XCBuildConfiguration;
			buildSettings = {
				ALWAYS_SEARCH_USER_PATHS = NO;
				CLANG_ANALYZER_NONNULL = YES;
				CLANG_CXX_LANGUAGE_STANDARD = "gnu++0x";
				CLANG_CXX_LIBRARY = "libc++";
				CLANG_ENABLE_MODULES = YES;
				CLANG_ENABLE_OBJC_ARC = YES;
				CLANG_WARN_BOOL_CONVERSION = YES;
				CLANG_WARN_CONSTANT_CONVERSION = YES;
				CLANG_WARN_DIRECT_OBJC_ISA_USAGE = YES_ERROR;
				CLANG_WARN_EMPTY_BODY = YES;
				CLANG_WARN_ENUM_CONVERSION = YES;
				CLANG_WARN_INT_CONVERSION = YES;
				CLANG_WARN_OBJC_ROOT_CLASS = YES_ERROR;
				CLANG_WARN_UNREACHABLE_CODE = YES;
				CLANG_WARN__DUPLICATE_METHOD_MATCH = YES;
				"CODE_SIGN_IDENTITY[sdk=iphoneos*]" = "iPhone Developer";
				COPY_PHASE_STRIP = NO;
				CURRENT_PROJECT_VERSION = 1;
				DEBUG_INFORMATION_FORMAT = "dwarf-with-dsym";
				ENABLE_NS_ASSERTIONS = NO;
				ENABLE_STRICT_OBJC_MSGSEND = YES;
				GCC_C_LANGUAGE_STANDARD = gnu99;
				GCC_NO_COMMON_BLOCKS = YES;
				GCC_WARN_64_TO_32_BIT_CONVERSION = YES;
				GCC_WARN_ABOUT_RETURN_TYPE = YES_ERROR;
				GCC_WARN_UNDECLARED_SELECTOR = YES;
				GCC_WARN_UNINITIALIZED_AUTOS = YES_AGGRESSIVE;
				GCC_WARN_UNUSED_FUNCTION = YES;
				GCC_WARN_UNUSED_VARIABLE = YES;
				IPHONEOS_DEPLOYMENT_TARGET = 9.3;
				MTL_ENABLE_DEBUG_INFO = NO;
				SDKROOT = macosx;
				TARGETED_DEVICE_FAMILY = "1,2";
				VALIDATE_PRODUCT = YES;
				VERSIONING_SYSTEM = "apple-generic";
				VERSION_INFO_PREFIX = "";
			};
			name = Release;
		};
		F689F98E1CAD5F8900F6C8ED /* Debug */ = {
			isa = XCBuildConfiguration;
			buildSettings = {
				DEFINES_MODULE = YES;
				DYLIB_COMPATIBILITY_VERSION = 1;
				DYLIB_CURRENT_VERSION = 1;
				DYLIB_INSTALL_NAME_BASE = "@rpath";
				INFOPLIST_FILE = GCDependencyInjectioniOS/Info.plist;
				INSTALL_PATH = "$(LOCAL_LIBRARY_DIR)/Frameworks";
				IPHONEOS_DEPLOYMENT_TARGET = 9.0;
				LD_RUNPATH_SEARCH_PATHS = "$(inherited) @executable_path/Frameworks @loader_path/Frameworks";
				PRODUCT_BUNDLE_IDENTIFIER = com.groovycarrot.GCDependencyInjection;
				PRODUCT_MODULE_NAME = "$(PRODUCT_NAME:c99extidentifier)";
				PRODUCT_NAME = "$(PROJECT_NAME)";
				SDKROOT = iphoneos;
				SKIP_INSTALL = YES;
			};
			name = Debug;
		};
		F689F98F1CAD5F8900F6C8ED /* Release */ = {
			isa = XCBuildConfiguration;
			buildSettings = {
				ARCHS = (
					armv7,
					armv7s,
					arm64,
				);
				DEFINES_MODULE = YES;
				DYLIB_COMPATIBILITY_VERSION = 1;
				DYLIB_CURRENT_VERSION = 1;
				DYLIB_INSTALL_NAME_BASE = "@rpath";
				INFOPLIST_FILE = GCDependencyInjectioniOS/Info.plist;
				INSTALL_PATH = "$(LOCAL_LIBRARY_DIR)/Frameworks";
				IPHONEOS_DEPLOYMENT_TARGET = 9.0;
				LD_RUNPATH_SEARCH_PATHS = "$(inherited) @executable_path/Frameworks @loader_path/Frameworks";
				PRODUCT_BUNDLE_IDENTIFIER = com.groovycarrot.GCDependencyInjection;
				PRODUCT_MODULE_NAME = "$(PRODUCT_NAME:c99extidentifier)";
				PRODUCT_NAME = "$(PROJECT_NAME)";
				SDKROOT = iphoneos;
				SKIP_INSTALL = YES;
			};
			name = Release;
		};
		F689F9911CAD5F8900F6C8ED /* Debug */ = {
			isa = XCBuildConfiguration;
			buildSettings = {
				INFOPLIST_FILE = GCDependencyInjectioniOSTests/Info.plist;
				LD_RUNPATH_SEARCH_PATHS = "$(inherited) @executable_path/Frameworks @loader_path/Frameworks";
				PRODUCT_BUNDLE_IDENTIFIER = com.groovycarrot.GCDependencyInjectionTests;
				PRODUCT_NAME = "$(TARGET_NAME)";
				SDKROOT = iphoneos;
			};
			name = Debug;
		};
		F689F9921CAD5F8900F6C8ED /* Release */ = {
			isa = XCBuildConfiguration;
			buildSettings = {
				INFOPLIST_FILE = GCDependencyInjectioniOSTests/Info.plist;
				LD_RUNPATH_SEARCH_PATHS = "$(inherited) @executable_path/Frameworks @loader_path/Frameworks";
				PRODUCT_BUNDLE_IDENTIFIER = com.groovycarrot.GCDependencyInjectionTests;
				PRODUCT_NAME = "$(TARGET_NAME)";
				SDKROOT = iphoneos;
			};
			name = Release;
		};
		F6CA90131CEBA18700924094 /* Debug */ = {
			isa = XCBuildConfiguration;
			buildSettings = {
				CODE_SIGN_IDENTITY = "-";
				COMBINE_HIDPI_IMAGES = YES;
				DEFINES_MODULE = YES;
				DYLIB_COMPATIBILITY_VERSION = 1;
				DYLIB_CURRENT_VERSION = 1;
				DYLIB_INSTALL_NAME_BASE = "@rpath";
				FRAMEWORK_VERSION = A;
				INFOPLIST_FILE = GCDependencyInjectionOSX/Info.plist;
				INSTALL_PATH = "$(LOCAL_LIBRARY_DIR)/Frameworks";
				LD_RUNPATH_SEARCH_PATHS = "$(inherited) @executable_path/../Frameworks @loader_path/Frameworks";
				MACOSX_DEPLOYMENT_TARGET = 10.11;
				PRODUCT_BUNDLE_IDENTIFIER = com.groovycarrot.GCDependencyInjectionOSX;
				PRODUCT_NAME = "$(PROJECT_NAME)";
				SDKROOT = macosx;
				SKIP_INSTALL = YES;
			};
			name = Debug;
		};
		F6CA90141CEBA18700924094 /* Release */ = {
			isa = XCBuildConfiguration;
			buildSettings = {
				CODE_SIGN_IDENTITY = "-";
				COMBINE_HIDPI_IMAGES = YES;
				DEFINES_MODULE = YES;
				DYLIB_COMPATIBILITY_VERSION = 1;
				DYLIB_CURRENT_VERSION = 1;
				DYLIB_INSTALL_NAME_BASE = "@rpath";
				FRAMEWORK_VERSION = A;
				INFOPLIST_FILE = GCDependencyInjectionOSX/Info.plist;
				INSTALL_PATH = "$(LOCAL_LIBRARY_DIR)/Frameworks";
				LD_RUNPATH_SEARCH_PATHS = "$(inherited) @executable_path/../Frameworks @loader_path/Frameworks";
				MACOSX_DEPLOYMENT_TARGET = 10.11;
				PRODUCT_BUNDLE_IDENTIFIER = com.groovycarrot.GCDependencyInjectionOSX;
				PRODUCT_NAME = "$(PROJECT_NAME)";
				SDKROOT = macosx;
				SKIP_INSTALL = YES;
			};
			name = Release;
		};
		F6CA903F1CECB6CB00924094 /* Debug */ = {
			isa = XCBuildConfiguration;
			buildSettings = {
				CODE_SIGN_IDENTITY = "-";
				COMBINE_HIDPI_IMAGES = YES;
				INFOPLIST_FILE = GCDependencyInjectionOSXTests/Info.plist;
				LD_RUNPATH_SEARCH_PATHS = "$(inherited) @executable_path/../Frameworks @loader_path/../Frameworks";
				MACOSX_DEPLOYMENT_TARGET = 10.11;
				PRODUCT_BUNDLE_IDENTIFIER = com.groovycarrot.GCDependencyInjectionOSXTests;
				PRODUCT_NAME = "$(TARGET_NAME)";
			};
			name = Debug;
		};
		F6CA90401CECB6CB00924094 /* Release */ = {
			isa = XCBuildConfiguration;
			buildSettings = {
				CODE_SIGN_IDENTITY = "-";
				COMBINE_HIDPI_IMAGES = YES;
				INFOPLIST_FILE = GCDependencyInjectionOSXTests/Info.plist;
				LD_RUNPATH_SEARCH_PATHS = "$(inherited) @executable_path/../Frameworks @loader_path/../Frameworks";
				MACOSX_DEPLOYMENT_TARGET = 10.11;
				PRODUCT_BUNDLE_IDENTIFIER = com.groovycarrot.GCDependencyInjectionOSXTests;
				PRODUCT_NAME = "$(TARGET_NAME)";
			};
			name = Release;
		};
/* End XCBuildConfiguration section */

/* Begin XCConfigurationList section */
		F6329B5F1CF03CBD00D6CFA3 /* Build configuration list for PBXAggregateTarget "GCDependencyInjectioniOS+Simulator" */ = {
			isa = XCConfigurationList;
			buildConfigurations = (
				F6329B601CF03CBD00D6CFA3 /* Debug */,
				F6329B611CF03CBD00D6CFA3 /* Release */,
			);
			defaultConfigurationIsVisible = 0;
			defaultConfigurationName = Release;
		};
		F689F9731CAD5F8800F6C8ED /* Build configuration list for PBXProject "GCDependencyInjection" */ = {
			isa = XCConfigurationList;
			buildConfigurations = (
				F689F98B1CAD5F8900F6C8ED /* Debug */,
				F689F98C1CAD5F8900F6C8ED /* Release */,
			);
			defaultConfigurationIsVisible = 0;
			defaultConfigurationName = Release;
		};
		F689F98D1CAD5F8900F6C8ED /* Build configuration list for PBXNativeTarget "GCDependencyInjectioniOS" */ = {
			isa = XCConfigurationList;
			buildConfigurations = (
				F689F98E1CAD5F8900F6C8ED /* Debug */,
				F689F98F1CAD5F8900F6C8ED /* Release */,
			);
			defaultConfigurationIsVisible = 0;
			defaultConfigurationName = Release;
		};
		F689F9901CAD5F8900F6C8ED /* Build configuration list for PBXNativeTarget "GCDependencyInjectioniOSTests" */ = {
			isa = XCConfigurationList;
			buildConfigurations = (
				F689F9911CAD5F8900F6C8ED /* Debug */,
				F689F9921CAD5F8900F6C8ED /* Release */,
			);
			defaultConfigurationIsVisible = 0;
			defaultConfigurationName = Release;
		};
		F6CA90151CEBA18700924094 /* Build configuration list for PBXNativeTarget "GCDependencyInjectionOSX" */ = {
			isa = XCConfigurationList;
			buildConfigurations = (
				F6CA90131CEBA18700924094 /* Debug */,
				F6CA90141CEBA18700924094 /* Release */,
			);
			defaultConfigurationIsVisible = 0;
			defaultConfigurationName = Release;
		};
		F6CA90411CECB6CB00924094 /* Build configuration list for PBXNativeTarget "GCDependencyInjectionOSXTests" */ = {
			isa = XCConfigurationList;
			buildConfigurations = (
				F6CA903F1CECB6CB00924094 /* Debug */,
				F6CA90401CECB6CB00924094 /* Release */,
			);
			defaultConfigurationIsVisible = 0;
			defaultConfigurationName = Release;
		};
/* End XCConfigurationList section */
	};
	rootObject = F689F9701CAD5F8800F6C8ED /* Project object */;
}
